Microsoft Visual Studio Solution File, Format Version 12.00
# Visual Studio Version 17
VisualStudioVersion = 17.5.2.0
MinimumVisualStudioVersion = 10.0.40219.1
Project("{FAE04EC0-301F-11D3-BF4B-00C04F79EFBC}") = "NAACDepartmentManagementSystem", "NAACDepartmentManagementSystem.csproj", "{3B8ECE13-7D81-BBD0-92FB-1FCA8F78AD43}"
EndProject
Global
	GlobalSection(SolutionConfigurationPlatforms) = preSolution
		Debug|Any CPU = Debug|Any CPU
		Release|Any CPU = Release|Any CPU
	EndGlobalSection
	GlobalSection(ProjectConfigurationPlatforms) = postSolution
		{3B8ECE13-7D81-BBD0-92FB-1FCA8F78AD43}.Debug|Any CPU.ActiveCfg = Debug|Any CPU
		{3B8ECE13-7D81-BBD0-92FB-1FCA8F78AD43}.Debug|Any CPU.Build.0 = Debug|Any CPU
		{3B8ECE13-7D81-BBD0-92FB-1FCA8F78AD43}.Release|Any CPU.ActiveCfg = Release|Any CPU
		{3B8ECE13-7D81-BBD0-92FB-1FCA8F78AD43}.Release|Any CPU.Build.0 = Release|Any CPU
	EndGlobalSection
	GlobalSection(SolutionProperties) = preSolution
		HideSolutionNode = FALSE
	EndGlobalSection
	GlobalSection(ExtensibilityGlobals) = postSolution
		SolutionGuid = {79C61D88-92C0-4AEB-A703-37E9A662C72A}
	EndGlobalSection
EndGlobal
